dependencies:
- name: config-server
  repository: file://../charts/config-server
  version: 0.1.0
- name: eureka-server
  repository: file://../charts/eureka-server
  version: 0.1.0
- name: api-gateway
  repository: file://../charts/api-gateway
  version: 0.1.0
- name: employee-service
  repository: file://../charts/employee-service
  version: 0.1.0
- name: payroll-service
  repository: file://../charts/payroll-service
  version: 0.1.0
- name: timesheet-service
  repository: file://../charts/timesheet-service
  version: 0.1.0
digest: sha256:0c9a19eb8f1cbce23423bec386cc0350d629728b637c6e061744bd19816a89b5
generated: "2026-04-13T11:54:31.004694597Z"
